
Microsoft Visual Studio Solution File, Format Version 12.00
# Visual Studio Version 17
VisualStudioVersion = 17.13.35919.96
MinimumVisualStudioVersion = 10.0.40219.1
Project("{FAE04EC0-301F-11D3-BF4B-00C04F79EFBC}") = "TeacherPlatform", "TeacherPlatform\TeacherPlatform.csproj", "{48AC046E-5C06-4A4F-B468-EA318DAFAF2C}"
EndProject
Project("{2150E333-8FDC-42A3-9474-1A3956D46DE8}") = "Элементы решения", "Элементы решения", "{754FC069-D67B-A9D7-50A1-8D1CA196D8F1}"
	ProjectSection(SolutionItems) = preProject
		.env = .env
		docker-compose.yml = docker-compose.yml
		render.yaml = render.yaml
	EndProjectSection
EndProject
Global
	GlobalSection(SolutionConfigurationPlatforms) = preSolution
		Debug|Any CPU = Debug|Any CPU
		Release|Any CPU = Release|Any CPU
	EndGlobalSection
	GlobalSection(ProjectConfigurationPlatforms) = postSolution
		{48AC046E-5C06-4A4F-B468-EA318DAFAF2C}.Debug|Any CPU.ActiveCfg = Debug|Any CPU
		{48AC046E-5C06-4A4F-B468-EA318DAFAF2C}.Debug|Any CPU.Build.0 = Debug|Any CPU
		{48AC046E-5C06-4A4F-B468-EA318DAFAF2C}.Release|Any CPU.ActiveCfg = Release|Any CPU
		{48AC046E-5C06-4A4F-B468-EA318DAFAF2C}.Release|Any CPU.Build.0 = Release|Any CPU
	EndGlobalSection
	GlobalSection(SolutionProperties) = preSolution
		HideSolutionNode = FALSE
	EndGlobalSection
	GlobalSection(ExtensibilityGlobals) = postSolution
		SolutionGuid = {8D7F340F-5016-4213-8066-141D21E2BBE3}
	EndGlobalSection
EndGlobal
